
Microsoft Visual Studio Solution File, Format Version 9.00
# Visual Studio 2005
Project("{7DB3DB35-0121-49d7-BD14-5C8252DFC1FF}") = "http://localhost/Wedding/", "http://localhost/Wedding", "{8CE895ED-CDC6-41F0-AE93-2ED257DEC9FB}"
	ProjectSection(WebsiteProperties) = preProject
		ProjectReferences = ""
		Debug.AspNetCompiler.VirtualPath = "/Wedding"
		Debug.AspNetCompiler.PhysicalPath = "Web\"
		Debug.AspNetCompiler.TargetPath = "PrecompiledWeb\Wedding\"
		Debug.AspNetCompiler.Updateable = "true"
		Debug.AspNetCompiler.ForceOverwrite = "true"
		Debug.AspNetCompiler.FixedNames = "false"
		Debug.AspNetCompiler.Debug = "True"
		Release.AspNetCompiler.VirtualPath = "/Wedding"
		Release.AspNetCompiler.PhysicalPath = "Web\"
		Release.AspNetCompiler.TargetPath = "PrecompiledWeb\Wedding\"
		Release.AspNetCompiler.Updateable = "true"
		Release.AspNetCompiler.ForceOverwrite = "true"
		Release.AspNetCompiler.FixedNames = "false"
		Release.AspNetCompiler.Debug = "False"
		SlnRelativePath = "Web\"
	EndProjectSection
EndProject
Project("{2CFEAB61-6A3B-4EB8-B523-560B4BEEF521}") = "Wedding.Web.Deploy", "Web.Deploy\Wedding.Web.Deploy.wdproj", "{6DACA3AC-FE40-4DAF-8722-D991A351EF24}"
EndProject
Global
	GlobalSection(SolutionConfigurationPlatforms) = preSolution
		Debug|.NET = Debug|.NET
		Debug|Any CPU = Debug|Any CPU
		Debug|Mixed Platforms = Debug|Mixed Platforms
		Release|.NET = Release|.NET
		Release|Any CPU = Release|Any CPU
		Release|Mixed Platforms = Release|Mixed Platforms
	EndGlobalSection
	GlobalSection(ProjectConfigurationPlatforms) = postSolution
		{8CE895ED-CDC6-41F0-AE93-2ED257DEC9FB}.Debug|.NET.ActiveCfg = Debug|.NET
		{8CE895ED-CDC6-41F0-AE93-2ED257DEC9FB}.Debug|.NET.Build.0 = Debug|.NET
		{8CE895ED-CDC6-41F0-AE93-2ED257DEC9FB}.Debug|Any CPU.ActiveCfg = Debug|.NET
		{8CE895ED-CDC6-41F0-AE93-2ED257DEC9FB}.Debug|Mixed Platforms.ActiveCfg = Debug|.NET
		{8CE895ED-CDC6-41F0-AE93-2ED257DEC9FB}.Debug|Mixed Platforms.Build.0 = Debug|.NET
		{8CE895ED-CDC6-41F0-AE93-2ED257DEC9FB}.Release|.NET.ActiveCfg = Debug|.NET
		{8CE895ED-CDC6-41F0-AE93-2ED257DEC9FB}.Release|.NET.Build.0 = Debug|.NET
		{8CE895ED-CDC6-41F0-AE93-2ED257DEC9FB}.Release|Any CPU.ActiveCfg = Debug|.NET
		{8CE895ED-CDC6-41F0-AE93-2ED257DEC9FB}.Release|Mixed Platforms.ActiveCfg = Debug|.NET
		{8CE895ED-CDC6-41F0-AE93-2ED257DEC9FB}.Release|Mixed Platforms.Build.0 = Debug|.NET
		{C6E8220C-5AD2-445A-9EF2-079D6547AEAD}.Debug|.NET.ActiveCfg = Debug|Any CPU
		{C6E8220C-5AD2-445A-9EF2-079D6547AEAD}.Debug|Any CPU.ActiveCfg = Debug|Any CPU
		{C6E8220C-5AD2-445A-9EF2-079D6547AEAD}.Debug|Any CPU.Build.0 = Debug|Any CPU
		{C6E8220C-5AD2-445A-9EF2-079D6547AEAD}.Debug|Mixed Platforms.ActiveCfg = Debug|Any CPU
		{C6E8220C-5AD2-445A-9EF2-079D6547AEAD}.Debug|Mixed Platforms.Build.0 = Debug|Any CPU
		{C6E8220C-5AD2-445A-9EF2-079D6547AEAD}.Release|.NET.ActiveCfg = Release|Any CPU
		{C6E8220C-5AD2-445A-9EF2-079D6547AEAD}.Release|Any CPU.ActiveCfg = Release|Any CPU
		{C6E8220C-5AD2-445A-9EF2-079D6547AEAD}.Release|Any CPU.Build.0 = Release|Any CPU
		{C6E8220C-5AD2-445A-9EF2-079D6547AEAD}.Release|Mixed Platforms.ActiveCfg = Release|Any CPU
		{C6E8220C-5AD2-445A-9EF2-079D6547AEAD}.Release|Mixed Platforms.Build.0 = Release|Any CPU
		{437F9693-8C20-49BD-A4FD-68A88E9A92C0}.Debug|.NET.ActiveCfg = Debug|Any CPU
		{437F9693-8C20-49BD-A4FD-68A88E9A92C0}.Debug|Any CPU.ActiveCfg = Debug|Any CPU
		{437F9693-8C20-49BD-A4FD-68A88E9A92C0}.Debug|Any CPU.Build.0 = Debug|Any CPU
		{437F9693-8C20-49BD-A4FD-68A88E9A92C0}.Debug|Mixed Platforms.ActiveCfg = Debug|Any CPU
		{437F9693-8C20-49BD-A4FD-68A88E9A92C0}.Debug|Mixed Platforms.Build.0 = Debug|Any CPU
		{437F9693-8C20-49BD-A4FD-68A88E9A92C0}.Release|.NET.ActiveCfg = Release|Any CPU
		{437F9693-8C20-49BD-A4FD-68A88E9A92C0}.Release|Any CPU.ActiveCfg = Release|Any CPU
		{437F9693-8C20-49BD-A4FD-68A88E9A92C0}.Release|Any CPU.Build.0 = Release|Any CPU
		{437F9693-8C20-49BD-A4FD-68A88E9A92C0}.Release|Mixed Platforms.ActiveCfg = Release|Any CPU
		{437F9693-8C20-49BD-A4FD-68A88E9A92C0}.Release|Mixed Platforms.Build.0 = Release|Any CPU
		{75FB606F-0483-49CA-AF2F-8E57DB9864AB}.Debug|.NET.ActiveCfg = Debug|Any CPU
		{75FB606F-0483-49CA-AF2F-8E57DB9864AB}.Debug|Any CPU.ActiveCfg = Debug|Any CPU
		{75FB606F-0483-49CA-AF2F-8E57DB9864AB}.Debug|Any CPU.Build.0 = Debug|Any CPU
		{75FB606F-0483-49CA-AF2F-8E57DB9864AB}.Debug|Mixed Platforms.ActiveCfg = Debug|Any CPU
		{75FB606F-0483-49CA-AF2F-8E57DB9864AB}.Debug|Mixed Platforms.Build.0 = Debug|Any CPU
		{75FB606F-0483-49CA-AF2F-8E57DB9864AB}.Release|.NET.ActiveCfg = Release|Any CPU
		{75FB606F-0483-49CA-AF2F-8E57DB9864AB}.Release|Any CPU.ActiveCfg = Release|Any CPU
		{75FB606F-0483-49CA-AF2F-8E57DB9864AB}.Release|Any CPU.Build.0 = Release|Any CPU
		{75FB606F-0483-49CA-AF2F-8E57DB9864AB}.Release|Mixed Platforms.ActiveCfg = Release|Any CPU
		{75FB606F-0483-49CA-AF2F-8E57DB9864AB}.Release|Mixed Platforms.Build.0 = Release|Any CPU
		{499527FF-AE52-450F-B3E3-4AD53E1712AD}.Debug|.NET.ActiveCfg = Debug|Any CPU
		{499527FF-AE52-450F-B3E3-4AD53E1712AD}.Debug|Any CPU.ActiveCfg = Debug|Any CPU
		{499527FF-AE52-450F-B3E3-4AD53E1712AD}.Debug|Any CPU.Build.0 = Debug|Any CPU
		{499527FF-AE52-450F-B3E3-4AD53E1712AD}.Debug|Mixed Platforms.ActiveCfg = Debug|Any CPU
		{499527FF-AE52-450F-B3E3-4AD53E1712AD}.Debug|Mixed Platforms.Build.0 = Debug|Any CPU
		{499527FF-AE52-450F-B3E3-4AD53E1712AD}.Release|.NET.ActiveCfg = Release|Any CPU
		{499527FF-AE52-450F-B3E3-4AD53E1712AD}.Release|Any CPU.ActiveCfg = Release|Any CPU
		{499527FF-AE52-450F-B3E3-4AD53E1712AD}.Release|Any CPU.Build.0 = Release|Any CPU
		{499527FF-AE52-450F-B3E3-4AD53E1712AD}.Release|Mixed Platforms.ActiveCfg = Release|Any CPU
		{499527FF-AE52-450F-B3E3-4AD53E1712AD}.Release|Mixed Platforms.Build.0 = Release|Any CPU
		{2426AC0A-A493-4CC8-A323-C7E775DEC8E4}.Debug|.NET.ActiveCfg = Debug|Any CPU
		{2426AC0A-A493-4CC8-A323-C7E775DEC8E4}.Debug|Any CPU.ActiveCfg = Debug|Any CPU
		{2426AC0A-A493-4CC8-A323-C7E775DEC8E4}.Debug|Any CPU.Build.0 = Debug|Any CPU
		{2426AC0A-A493-4CC8-A323-C7E775DEC8E4}.Debug|Mixed Platforms.ActiveCfg = Debug|Any CPU
		{2426AC0A-A493-4CC8-A323-C7E775DEC8E4}.Debug|Mixed Platforms.Build.0 = Debug|Any CPU
		{2426AC0A-A493-4CC8-A323-C7E775DEC8E4}.Release|.NET.ActiveCfg = Release|Any CPU
		{2426AC0A-A493-4CC8-A323-C7E775DEC8E4}.Release|Any CPU.ActiveCfg = Release|Any CPU
		{2426AC0A-A493-4CC8-A323-C7E775DEC8E4}.Release|Any CPU.Build.0 = Release|Any CPU
		{2426AC0A-A493-4CC8-A323-C7E775DEC8E4}.Release|Mixed Platforms.ActiveCfg = Release|Any CPU
		{2426AC0A-A493-4CC8-A323-C7E775DEC8E4}.Release|Mixed Platforms.Build.0 = Release|Any CPU
		{07B2FB5A-1FB0-4955-A218-12229318ECBE}.Debug|.NET.ActiveCfg = Debug|Any CPU
		{07B2FB5A-1FB0-4955-A218-12229318ECBE}.Debug|Any CPU.ActiveCfg = Debug|Any CPU
		{07B2FB5A-1FB0-4955-A218-12229318ECBE}.Debug|Any CPU.Build.0 = Debug|Any CPU
		{07B2FB5A-1FB0-4955-A218-12229318ECBE}.Debug|Mixed Platforms.ActiveCfg = Debug|Any CPU
		{07B2FB5A-1FB0-4955-A218-12229318ECBE}.Debug|Mixed Platforms.Build.0 = Debug|Any CPU
		{07B2FB5A-1FB0-4955-A218-12229318ECBE}.Release|.NET.ActiveCfg = Release|Any CPU
		{07B2FB5A-1FB0-4955-A218-12229318ECBE}.Release|Any CPU.ActiveCfg = Release|Any CPU
		{07B2FB5A-1FB0-4955-A218-12229318ECBE}.Release|Any CPU.Build.0 = Release|Any CPU
		{07B2FB5A-1FB0-4955-A218-12229318ECBE}.Release|Mixed Platforms.ActiveCfg = Release|Any CPU
		{07B2FB5A-1FB0-4955-A218-12229318ECBE}.Release|Mixed Platforms.Build.0 = Release|Any CPU
		{EA8183AF-FB41-4F28-9B07-5AB96A37A277}.Debug|.NET.ActiveCfg = Debug|Any CPU
		{EA8183AF-FB41-4F28-9B07-5AB96A37A277}.Debug|Any CPU.ActiveCfg = Debug|Any CPU
		{EA8183AF-FB41-4F28-9B07-5AB96A37A277}.Debug|Any CPU.Build.0 = Debug|Any CPU
		{EA8183AF-FB41-4F28-9B07-5AB96A37A277}.Debug|Mixed Platforms.ActiveCfg = Debug|Any CPU
		{EA8183AF-FB41-4F28-9B07-5AB96A37A277}.Debug|Mixed Platforms.Build.0 = Debug|Any CPU
		{EA8183AF-FB41-4F28-9B07-5AB96A37A277}.Release|.NET.ActiveCfg = Release|Any CPU
		{EA8183AF-FB41-4F28-9B07-5AB96A37A277}.Release|Any CPU.ActiveCfg = Release|Any CPU
		{EA8183AF-FB41-4F28-9B07-5AB96A37A277}.Release|Any CPU.Build.0 = Release|Any CPU
		{EA8183AF-FB41-4F28-9B07-5AB96A37A277}.Release|Mixed Platforms.ActiveCfg = Release|Any CPU
		{EA8183AF-FB41-4F28-9B07-5AB96A37A277}.Release|Mixed Platforms.Build.0 = Release|Any CPU
		{6DACA3AC-FE40-4DAF-8722-D991A351EF24}.Debug|.NET.ActiveCfg = Debug|Any CPU
		{6DACA3AC-FE40-4DAF-8722-D991A351EF24}.Debug|Any CPU.ActiveCfg = Debug|Any CPU
		{6DACA3AC-FE40-4DAF-8722-D991A351EF24}.Debug|Any CPU.Build.0 = Debug|Any CPU
		{6DACA3AC-FE40-4DAF-8722-D991A351EF24}.Debug|Mixed Platforms.ActiveCfg = Debug|Any CPU
		{6DACA3AC-FE40-4DAF-8722-D991A351EF24}.Debug|Mixed Platforms.Build.0 = Debug|Any CPU
		{6DACA3AC-FE40-4DAF-8722-D991A351EF24}.Release|.NET.ActiveCfg = Release|Any CPU
		{6DACA3AC-FE40-4DAF-8722-D991A351EF24}.Release|Any CPU.ActiveCfg = Release|Any CPU
		{6DACA3AC-FE40-4DAF-8722-D991A351EF24}.Release|Any CPU.Build.0 = Release|Any CPU
		{6DACA3AC-FE40-4DAF-8722-D991A351EF24}.Release|Mixed Platforms.ActiveCfg = Release|Any CPU
		{6DACA3AC-FE40-4DAF-8722-D991A351EF24}.Release|Mixed Platforms.Build.0 = Release|Any CPU
	EndGlobalSection
	GlobalSection(SolutionProperties) = preSolution
		HideSolutionNode = FALSE
	EndGlobalSection
EndGlobal
